# Generated by pub
# See http://pub.dartlang.org/doc/glossary.html#lockfile
packages:
  browser:
    description: browser
    source: hosted
    version: "0.10.0+2"
  ds:
    description: ds
    source: hosted
    version: "0.4.3"
  hub:
    description: hub
    source: hosted
    version: "0.9.1"
  sparkflow:
    description:
      path: "../sparkflow"
      relative: true
    source: path
    version: "0.5.7"
  streamable:
    description: streamable
    source: hosted
    version: "0.2.6"
